
Microsoft Visual Studio Solution File, Format Version 12.00
# Visual Studio Version 16
VisualStudioVersion = 16.0.30330.147
MinimumVisualStudioVersion = 10.0.40219.1
Project("{FAE04EC0-301F-11D3-BF4B-00C04F79EFBC}") = "Warehouse", "Warehouse\Warehouse.csproj", "{D6409A62-7968-4667-98A7-D64732065BD8}"
EndProject
Project("{FAE04EC0-301F-11D3-BF4B-00C04F79EFBC}") = "WarehouseTests", "WarehouseTests\WarehouseTests.csproj", "{31E02D16-8944-4CCB-A435-C3A7E9BD20F2}"
EndProject
Global
	GlobalSection(SolutionConfigurationPlatforms) = preSolution
		Debug|Any CPU = Debug|Any CPU
		Release|Any CPU = Release|Any CPU
	EndGlobalSection
	GlobalSection(ProjectConfigurationPlatforms) = postSolution
		{D6409A62-7968-4667-98A7-D64732065BD8}.Debug|Any CPU.ActiveCfg = Debug|Any CPU
		{D6409A62-7968-4667-98A7-D64732065BD8}.Debug|Any CPU.Build.0 = Debug|Any CPU
		{D6409A62-7968-4667-98A7-D64732065BD8}.Release|Any CPU.ActiveCfg = Release|Any CPU
		{D6409A62-7968-4667-98A7-D64732065BD8}.Release|Any CPU.Build.0 = Release|Any CPU
		{31E02D16-8944-4CCB-A435-C3A7E9BD20F2}.Debug|Any CPU.ActiveCfg = Debug|Any CPU
		{31E02D16-8944-4CCB-A435-C3A7E9BD20F2}.Debug|Any CPU.Build.0 = Debug|Any CPU
		{31E02D16-8944-4CCB-A435-C3A7E9BD20F2}.Release|Any CPU.ActiveCfg = Release|Any CPU
		{31E02D16-8944-4CCB-A435-C3A7E9BD20F2}.Release|Any CPU.Build.0 = Release|Any CPU
	EndGlobalSection
	GlobalSection(SolutionProperties) = preSolution
		HideSolutionNode = FALSE
	EndGlobalSection
	GlobalSection(ExtensibilityGlobals) = postSolution
		SolutionGuid = {BDC3112F-0E02-4E7D-99B0-14E2F1B7312C}
	EndGlobalSection
EndGlobal
